# This file is @generated by PDM.
# It is not intended for manual editing.

[[package]]
name = "blinker"
version = "1.6.2"
requires_python = ">=3.7"
summary = "Fast, simple object-to-object and broadcast signaling"

[[package]]
name = "click"
version = "8.1.3"
requires_python = ">=3.7"
summary = "Composable command line interface toolkit"
dependencies = [
    "colorama; platform_system == \"Windows\"",
]

[[package]]
name = "colorama"
version = "0.4.6"
requires_python = "!=3.0.*,!=3.1.*,!=3.2.*,!=3.3.*,!=3.4.*,!=3.5.*,!=3.6.*,>=2.7"
summary = "Cross-platform colored terminal text."

[[package]]
name = "flask"
version = "2.3.1"
requires_python = ">=3.8"
summary = "A simple framework for building complex web applications."
dependencies = [
    "Jinja2>=3.1.2",
    "Werkzeug>=2.3.0",
    "blinker>=1.6.2",
    "click>=8.1.3",
    "itsdangerous>=2.1.2",
]

[[package]]
name = "flask-httpauth"
version = "4.7.0"
summary = "HTTP authentication for Flask routes"
dependencies = [
    "flask",
]

[[package]]
name = "flask-wtf"
version = "1.1.1"
requires_python = ">=3.7"
summary = "Form rendering, validation, and CSRF protection for Flask with WTForms."
dependencies = [
    "Flask",
    "WTForms",
    "itsdangerous",
]

[[package]]
name = "greenlet"
version = "2.0.2"
requires_python = ">=2.7,!=3.0.*,!=3.1.*,!=3.2.*,!=3.3.*,!=3.4.*"
summary = "Lightweight in-process concurrent programming"

[[package]]
name = "itsdangerous"
version = "2.1.2"
requires_python = ">=3.7"
summary = "Safely pass data to untrusted environments and back."

[[package]]
name = "jinja2"
version = "3.1.2"
requires_python = ">=3.7"
summary = "A very fast and expressive template engine."
dependencies = [
    "MarkupSafe>=2.0",
]

[[package]]
name = "markupsafe"
version = "2.1.2"
requires_python = ">=3.7"
summary = "Safely add untrusted strings to HTML/XML markup."

[[package]]
name = "sqlalchemy"
version = "2.0.7"
requires_python = ">=3.7"
summary = "Database Abstraction Library"
dependencies = [
    "greenlet!=0.4.17; platform_machine == \"aarch64\" or (platform_machine == \"ppc64le\" or (platform_machine == \"x86_64\" or (platform_machine == \"amd64\" or (platform_machine == \"AMD64\" or (platform_machine == \"win32\" or platform_machine == \"WIN32\")))))",
    "typing-extensions>=4.2.0",
]

[[package]]
name = "typing-extensions"
version = "4.5.0"
requires_python = ">=3.7"
summary = "Backported and Experimental Type Hints for Python 3.7+"

[[package]]
name = "werkzeug"
version = "2.3.1"
requires_python = ">=3.8"
summary = "The comprehensive WSGI web application library."
dependencies = [
    "MarkupSafe>=2.1.1",
]

[[package]]
name = "wtforms"
version = "3.0.1"
requires_python = ">=3.7"
summary = "Form validation and rendering for Python web development."
dependencies = [
    "MarkupSafe",
]

[metadata]
lock_version = "4.1"
content_hash = "sha256:3baabf484918c25124e195a273269d610dc52fed4ba775590cd0b06488eb392c"

[metadata.files]
"blinker 1.6.2" = [
    {url = "https://files.pythonhosted.org/packages/0d/f1/5f39e771cd730d347539bb74c6d496737b9d5f0a53bc9fdbf3e170f1ee48/blinker-1.6.2-py3-none-any.whl", hash = "sha256:c3d739772abb7bc2860abf5f2ec284223d9ad5c76da018234f6f50d6f31ab1f0"},
    {url = "https://files.pythonhosted.org/packages/e8/f9/a05287f3d5c54d20f51a235ace01f50620984bc7ca5ceee781dc645211c5/blinker-1.6.2.tar.gz", hash = "sha256:4afd3de66ef3a9f8067559fb7a1cbe555c17dcbe15971b05d1b625c3e7abe213"},
]
"click 8.1.3" = [
    {url = "https://files.pythonhosted.org/packages/59/87/84326af34517fca8c58418d148f2403df25303e02736832403587318e9e8/click-8.1.3.tar.gz", hash = "sha256:7682dc8afb30297001674575ea00d1814d808d6a36af415a82bd481d37ba7b8e"},
    {url = "https://files.pythonhosted.org/packages/c2/f1/df59e28c642d583f7dacffb1e0965d0e00b218e0186d7858ac5233dce840/click-8.1.3-py3-none-any.whl", hash = "sha256:bb4d8133cb15a609f44e8213d9b391b0809795062913b383c62be0ee95b1db48"},
]
"colorama 0.4.6" = [
    {url = "https://files.pythonhosted.org/packages/d1/d6/3965ed04c63042e047cb6a3e6ed1a63a35087b6a609aa3a15ed8ac56c221/colorama-0.4.6-py2.py3-none-any.whl", hash = "sha256:4f1d9991f5acc0ca119f9d443620b77f9d6b33703e51011c16baf57afb285fc6"},
    {url = "https://files.pythonhosted.org/packages/d8/53/6f443c9a4a8358a93a6792e2acffb9d9d5cb0a5cfd8802644b7b1c9a02e4/colorama-0.4.6.tar.gz", hash = "sha256:08695f5cb7ed6e0531a20572697297273c47b8cae5a63ffc6d6ed5c201be6e44"},
]
"flask 2.3.1" = [
    {url = "https://files.pythonhosted.org/packages/46/e7/3dc143f22a6aa997753aac1eb68b1b4ac8696819f10ff89d4ebb3de4c42d/Flask-2.3.1.tar.gz", hash = "sha256:a6059db4297106e5a64b3215fa16ae641822c1cb97ecb498573549b2478602cb"},
    {url = "https://files.pythonhosted.org/packages/9f/27/fc83394961f97e74c860d05f9bc848af00259b8c84ca021ab31250b9915e/Flask-2.3.1-py3-none-any.whl", hash = "sha256:8ba2a854608fdd603b67dccd4514a46450132227fb9df40127a8d0c1de8769ec"},
]
"flask-httpauth 4.7.0" = [
    {url = "https://files.pythonhosted.org/packages/09/a4/e9b3b4bbf6456578e0b457b46f1e70bf8b65e4b59cf830fa56938a587347/Flask_HTTPAuth-4.7.0-py3-none-any.whl", hash = "sha256:a237e4c8ec1d339298a0eb88e5af2ca36117949b621631649462800e57e1ba37"},
    {url = "https://files.pythonhosted.org/packages/de/28/1681359136718332e97e763c0eec2e9da03e801f9349216f2cf1fb0a6ab4/Flask-HTTPAuth-4.7.0.tar.gz", hash = "sha256:f7199e7bad20d5b68b3f0b62bddfca7637c55087e9d02f605ae26e0de479fd94"},
]
"flask-wtf 1.1.1" = [
    {url = "https://files.pythonhosted.org/packages/80/55/5114035eb8f6200fbe838a4b9828409ac831408c4591bf7875aed299d5f8/Flask-WTF-1.1.1.tar.gz", hash = "sha256:41c4244e9ae626d63bed42ae4785b90667b885b1535d5a4095e1f63060d12aa9"},
    {url = "https://files.pythonhosted.org/packages/e0/06/102cdb72b0f98bf6ee73e9239e9cfb071e5ab8893037f6b12053b6b06a27/Flask_WTF-1.1.1-py3-none-any.whl", hash = "sha256:7887d6f1ebb3e17bf648647422f0944c9a469d0fcf63e3b66fb9a83037e38b2c"},
]
"greenlet 2.0.2" = [
    {url = "https://files.pythonhosted.org/packages/07/ef/6bfa2ea34f76dea02833d66d28ae7cf4729ddab74ee93ee069c7f1d47c4f/greenlet-2.0.2-cp37-cp37m-macosx_10_15_x86_64.whl", hash = "sha256:d5508f0b173e6aa47273bdc0a0b5ba055b59662ba7c7ee5119528f466585526b"},
    {url = "https://files.pythonhosted.org/packages/08/b1/0615df6393464d6819040124eb7bdff6b682f206a464b4537964819dcab4/greenlet-2.0.2-cp36-cp36m-manylinux_2_17_aarch64.manylinux2014_aarch64.whl", hash = "sha256:2dd11f291565a81d71dab10b7033395b7a3a5456e637cf997a6f33ebdf06f8db"},
    {url = "https://files.pythonhosted.org/packages/09/57/5fdd37939e0989a756a32d0a838409b68d1c5d348115e9c697f42ee4f87d/greenlet-2.0.2-cp39-cp39-manylinux_2_17_aarch64.manylinux2014_aarch64.whl", hash = "sha256:971ce5e14dc5e73715755d0ca2975ac88cfdaefcaab078a284fea6cfabf866df"},
    {url = "https://files.pythonhosted.org/packages/09/93/d7ed73f82b6f1045dd5d98f063fa16da5273d0812c42f38229d28882762b/greenlet-2.0.2-cp39-cp39-win32.whl", hash = "sha256:ea9872c80c132f4663822dd2a08d404073a5a9b5ba6155bea72fb2a79d1093b5"},
    {url = "https://files.pythonhosted.org/packages/0a/46/96b37dcfe9c9d39b2d2f060a5775139ce8a440315a1ca2667a6b83a2860e/greenlet-2.0.2-cp310-cp310-macosx_11_0_x86_64.whl", hash = "sha256:30bcf80dda7f15ac77ba5af2b961bdd9dbc77fd4ac6105cee85b0d0a5fcf74df"},
    {url = "https://files.pythonhosted.org/packages/0a/54/cbc1096b883b2d1c0c1454837f089971de814ba5ce42be04cf0716a06000/greenlet-2.0.2-cp36-cp36m-manylinux_2_17_ppc64le.manylinux2014_ppc64le.whl", hash = "sha256:e0f72c9ddb8cd28532185f54cc1453f2c16fb417a08b53a855c4e6a418edd099"},
    {url = "https://files.pythonhosted.org/packages/0d/f6/2d406a22767029e785154071bef79b296f91b92d1c199ec3c2202386bf04/greenlet-2.0.2-cp38-cp38-manylinux_2_17_ppc64le.manylinux2014_ppc64le.whl", hash = "sha256:8eab883b3b2a38cc1e050819ef06a7e6344d4a990d24d45bc6f2cf959045a45b"},
    {url = "https://files.pythonhosted.org/packages/17/f9/7f5d755380d329e44307c2f6e52096740fdebb92e7e22516811aeae0aec0/greenlet-2.0.2-cp310-cp310-musllinux_1_1_x86_64.whl", hash = "sha256:76ae285c8104046b3a7f06b42f29c7b73f77683df18c49ab5af7983994c2dd91"},
    {url = "https://files.pythonhosted.org/packages/1d/a0/697653ea5e35acaf28e2a1246645ac512beb9b49a86b310fd0151b075342/greenlet-2.0.2-cp39-cp39-manylinux2010_x86_64.whl", hash = "sha256:561091a7be172ab497a3527602d467e2b3fbe75f9e783d8b8ce403fa414f71a6"},
    {url = "https://files.pythonhosted.org/packages/1e/1e/632e55a04d732c8184201238d911207682b119c35cecbb9a573a6c566731/greenlet-2.0.2.tar.gz", hash = "sha256:e7c8dc13af7db097bed64a051d2dd49e9f0af495c26995c00a9ee842690d34c0"},
    {url = "https://files.pythonhosted.org/packages/1f/42/95800f165d20fb8269fe6a3ac494649718ede074b1d8a78f58ee2ebda27a/greenlet-2.0.2-cp37-cp37m-musllinux_1_1_x86_64.whl", hash = "sha256:18e98fb3de7dba1c0a852731c3070cf022d14f0d68b4c87a19cc1016f3bb8b33"},
    {url = "https://files.pythonhosted.org/packages/20/28/c93ffaa75f3c907cd010bf44c5c18c7f8f4bb2409146bd67d538163e33b8/greenlet-2.0.2-cp39-cp39-musllinux_1_1_aarch64.whl", hash = "sha256:1a819eef4b0e0b96bb0d98d797bef17dc1b4a10e8d7446be32d1da33e095dbb8"},
    {url = "https://files.pythonhosted.org/packages/29/c4/fe82cb9ff1bffc52a3832e35fa49cce63e5d366808179153ee879ce47cc9/greenlet-2.0.2-cp27-cp27m-manylinux2010_x86_64.whl", hash = "sha256:9d14b83fab60d5e8abe587d51c75b252bcc21683f24699ada8fb275d7712f5a9"},
    {url = "https://files.pythonhosted.org/packages/37/b9/3ebd606768bee3ef2198fe6d5e7c6c3af42ad3e06b56c1d0a89c56faba2a/greenlet-2.0.2-cp38-cp38-manylinux2010_x86_64.whl", hash = "sha256:ba2956617f1c42598a308a84c6cf021a90ff3862eddafd20c3333d50f0edb45b"},
    {url = "https://files.pythonhosted.org/packages/3a/69/a6d3d7abd0f36438ff5fab52572fd107966939d59ef9b8309263ab89f607/greenlet-2.0.2-cp35-cp35m-macosx_10_14_x86_64.whl", hash = "sha256:910841381caba4f744a44bf81bfd573c94e10b3045ee00de0cbf436fe50673a6"},
    {url = "https://files.pythonhosted.org/packages/42/d0/285b81442d8552b1ae6a2ff38caeec94ab90507c9740da718189416e8e6e/greenlet-2.0.2-cp27-cp27m-macosx_10_14_x86_64.whl", hash = "sha256:bdfea8c661e80d3c1c99ad7c3ff74e6e87184895bbaca6ee8cc61209f8b9b85d"},
    {url = "https://files.pythonhosted.org/packages/43/81/e0a656e3a417b172f834ba5a08dde02b55fd249416c1e933d62ffb6734d0/greenlet-2.0.2-cp37-cp37m-manylinux_2_17_ppc64le.manylinux2014_ppc64le.whl", hash = "sha256:2780572ec463d44c1d3ae850239508dbeb9fed38e294c68d19a24d925d9223ca"},
    {url = "https://files.pythonhosted.org/packages/49/b8/3ee1723978245e6f0c087908689f424876803ec05555400681240ab2ab33/greenlet-2.0.2-cp39-cp39-manylinux_2_17_ppc64le.manylinux2014_ppc64le.whl", hash = "sha256:be4ed120b52ae4d974aa40215fcdfde9194d63541c7ded40ee12eb4dda57b76b"},
    {url = "https://files.pythonhosted.org/packages/4d/b2/32f737e1fcf67b23351b4860489029df562b41d7ffb568a3e1ae610f7a9b/greenlet-2.0.2-cp39-cp39-musllinux_1_1_x86_64.whl", hash = "sha256:7efde645ca1cc441d6dc4b48c0f7101e8d86b54c8530141b09fd31cef5149ec9"},
    {url = "https://files.pythonhosted.org/packages/50/3d/7e3d95b955722c514f982bdf6bbe92bb76218b0036dd9b093ae0c168d63a/greenlet-2.0.2-cp38-cp38-macosx_10_15_x86_64.whl", hash = "sha256:b864ba53912b6c3ab6bcb2beb19f19edd01a6bfcbdfe1f37ddd1778abfe75a30"},
    {url = "https://files.pythonhosted.org/packages/52/39/fa5212bc9ac588c62e52213d4fab30a348059842883410724f9d0408c0f4/greenlet-2.0.2-cp27-cp27m-win_amd64.whl", hash = "sha256:283737e0da3f08bd637b5ad058507e578dd462db259f7f6e4c5c365ba4ee9343"},
    {url = "https://files.pythonhosted.org/packages/53/0f/637f6e18e1980ebd2eedd8a9918a7898a6fe44f6188f6f39c6d9181c9891/greenlet-2.0.2-cp310-cp310-win_amd64.whl", hash = "sha256:2d4686f195e32d36b4d7cf2d166857dbd0ee9f3d20ae349b6bf8afc8485b3645"},
    {url = "https://files.pythonhosted.org/packages/54/ce/3a589ec27bd5de97707d2a193716bbe412ccbdb1479f0c3f990789c8fa8c/greenlet-2.0.2-cp37-cp37m-manylinux_2_17_aarch64.manylinux2014_aarch64.whl", hash = "sha256:c9c59a2120b55788e800d82dfa99b9e156ff8f2227f07c5e3012a45a399620b7"},
    {url = "https://files.pythonhosted.org/packages/57/a8/079c59b8f5406957224f4f4176e9827508d555beba6d8635787d694226d1/greenlet-2.0.2-cp35-cp35m-manylinux2010_x86_64.whl", hash = "sha256:18a7f18b82b52ee85322d7a7874e676f34ab319b9f8cce5de06067384aa8ff43"},
    {url = "https://files.pythonhosted.org/packages/5a/30/5eab5cbb99263c7d8305657587381c84da2a71fddb07dd5efbfaeecf7264/greenlet-2.0.2-cp37-cp37m-manylinux_2_17_x86_64.manylinux2014_x86_64.whl", hash = "sha256:937e9020b514ceedb9c830c55d5c9872abc90f4b5862f89c0887033ae33c6f73"},
    {url = "https://files.pythonhosted.org/packages/6a/3d/77bd8dd7dd0b872eac87f1edf6fcd94d9d7666befb706ae3a08ed25fbea7/greenlet-2.0.2-cp36-cp36m-win32.whl", hash = "sha256:dbfcfc0218093a19c252ca8eb9aee3d29cfdcb586df21049b9d777fd32c14fd9"},
    {url = "https://files.pythonhosted.org/packages/6b/2f/1cb3f376df561c95cb61b199676f51251f991699e325a2aa5e12693d10b8/greenlet-2.0.2-cp311-cp311-manylinux_2_17_ppc64le.manylinux2014_ppc64le.whl", hash = "sha256:a1846f1b999e78e13837c93c778dcfc3365902cfb8d1bdb7dd73ead37059f0d0"},
    {url = "https://files.pythonhosted.org/packages/6b/cd/84301cdf80360571f6aa77ac096f867ba98094fec2cb93e69c93d996b8f8/greenlet-2.0.2-cp38-cp38-musllinux_1_1_x86_64.whl", hash = "sha256:b0ef99cdbe2b682b9ccbb964743a6aca37905fda5e0452e5ee239b1654d37f2a"},
    {url = "https://files.pythonhosted.org/packages/6e/11/a1f1af20b6a1a8069bc75012569d030acb89fd7ef70f888b6af2f85accc6/greenlet-2.0.2-cp310-cp310-manylinux_2_17_x86_64.manylinux2014_x86_64.whl", hash = "sha256:d75209eed723105f9596807495d58d10b3470fa6732dd6756595e89925ce2470"},
    {url = "https://files.pythonhosted.org/packages/71/c5/c26840ce91bcbbfc42c1a246289d9d4c758663652669f24e37f84bcdae2a/greenlet-2.0.2-cp311-cp311-musllinux_1_1_x86_64.whl", hash = "sha256:5454276c07d27a740c5892f4907c86327b632127dd9abec42ee62e12427ff7e3"},
    {url = "https://files.pythonhosted.org/packages/7c/5f/ee39d27a08ae6b93f14faa953a6593dad888df75ae55ff479135e64ad4fe/greenlet-2.0.2-cp38-cp38-manylinux_2_17_x86_64.manylinux2014_x86_64.whl", hash = "sha256:acd2162a36d3de67ee896c43effcd5ee3de247eb00354db411feb025aa319857"},
    {url = "https://files.pythonhosted.org/packages/7c/f8/275f7fb1585d5e7dfbc18b4eb78282fbc85986f2eb8a185e7ebc60522cc2/greenlet-2.0.2-cp36-cp36m-macosx_10_14_x86_64.whl", hash = "sha256:703f18f3fda276b9a916f0934d2fb6d989bf0b4fb5a64825260eb9bfd52d78f0"},
    {url = "https://files.pythonhosted.org/packages/7e/a6/0a34cde83fe520fa4e8192a1bc0fc7bf9f755215fefe3f42c9b97c45c620/greenlet-2.0.2-cp311-cp311-win_amd64.whl", hash = "sha256:7cafd1208fdbe93b67c7086876f061f660cfddc44f404279c1585bbf3cdc64c5"},
    {url = "https://files.pythonhosted.org/packages/83/d1/cc273f8f5908940d6666a3db8637d2e24913a2e8e5034012b19ac291a2a0/greenlet-2.0.2-cp36-cp36m-musllinux_1_1_aarch64.whl", hash = "sha256:3c9b12575734155d0c09d6c3e10dbd81665d5c18e1a7c6597df72fd05990c8cf"},
    {url = "https://files.pythonhosted.org/packages/86/8d/3a18311306830f6db5f5676a1cb8082c8943bfa6c928b40006e5358170fc/greenlet-2.0.2-cp311-cp311-manylinux_2_17_x86_64.manylinux2014_x86_64.whl", hash = "sha256:3a06ad5312349fec0ab944664b01d26f8d1f05009566339ac6f63f56589bc1a2"},
    {url = "https://files.pythonhosted.org/packages/93/40/db2803f88326149ddcd1c00092e1e36ef55d31922812863753143a9aca01/greenlet-2.0.2-cp36-cp36m-manylinux_2_17_x86_64.manylinux2014_x86_64.whl", hash = "sha256:cd021c754b162c0fb55ad5d6b9d960db667faad0fa2ff25bb6e1301b0b6e6a75"},
    {url = "https://files.pythonhosted.org/packages/9d/ae/8ee23a9b63f854acc66ed0da7220130d87c861153cbc8ea07d11b61567f1/greenlet-2.0.2-cp36-cp36m-musllinux_1_1_x86_64.whl", hash = "sha256:b9ec052b06a0524f0e35bd8790686a1da006bd911dd1ef7d50b77bfbad74e292"},
    {url = "https://files.pythonhosted.org/packages/a1/ea/66e69cf3034be99a1959b2bdd178f5176979e0e63107a37a194c90c49b40/greenlet-2.0.2-cp38-cp38-win_amd64.whl", hash = "sha256:4d2e11331fc0c02b6e84b0d28ece3a36e0548ee1a1ce9ddde03752d9b79bba40"},
    {url = "https://files.pythonhosted.org/packages/a3/6c/dde49c63ab2f12d2ce401620dbe1a80830109f5f310bdd2f96d2e259de37/greenlet-2.0.2-cp36-cp36m-win_amd64.whl", hash = "sha256:9f35ec95538f50292f6d8f2c9c9f8a3c6540bbfec21c9e5b4b751e0a7c20864f"},
    {url = "https://files.pythonhosted.org/packages/a8/7a/5542d863a91b3309585219bae7d97aa82fe0482499a840c100297262ec8f/greenlet-2.0.2-cp311-cp311-macosx_10_9_universal2.whl", hash = "sha256:c4302695ad8027363e96311df24ee28978162cdcdd2006476c43970b384a244c"},
    {url = "https://files.pythonhosted.org/packages/aa/21/6bbd8062fee551f747f5334b7ccd503693704ac4f3183fd8232e2af77bff/greenlet-2.0.2-cp35-cp35m-win32.whl", hash = "sha256:03a8f4f3430c3b3ff8d10a2a86028c660355ab637cee9333d63d66b56f09d52a"},
    {url = "https://files.pythonhosted.org/packages/ac/4a/3ceafef892b8428f77468506bc5a12d835fb9f150129d1a9704902cb4a2a/greenlet-2.0.2-cp35-cp35m-win_amd64.whl", hash = "sha256:4b58adb399c4d61d912c4c331984d60eb66565175cdf4a34792cd9600f21b394"},
    {url = "https://files.pythonhosted.org/packages/b3/89/1d3b78577a6b2762cb254f6ce5faec9b7c7b23052d1cdb7237273ff37d10/greenlet-2.0.2-cp39-cp39-win_amd64.whl", hash = "sha256:db1a39669102a1d8d12b57de2bb7e2ec9066a6f2b3da35ae511ff93b01b5d564"},
    {url = "https://files.pythonhosted.org/packages/c4/92/bbd9373fb022c21d1c41bc74b043d8d007825f80bb9534f0dd2f7ed62bca/greenlet-2.0.2-cp310-cp310-musllinux_1_1_aarch64.whl", hash = "sha256:3a51c9751078733d88e013587b108f1b7a1fb106d402fb390740f002b6f6551a"},
    {url = "https://files.pythonhosted.org/packages/c5/ab/a69a875a45474cc5776b879258bfa685e99aae992ab310a0b8f773fe56a0/greenlet-2.0.2-cp310-cp310-manylinux_2_17_aarch64.manylinux2014_aarch64.whl", hash = "sha256:26fbfce90728d82bc9e6c38ea4d038cba20b7faf8a0ca53a9c07b67318d46088"},
    {url = "https://files.pythonhosted.org/packages/c7/c9/2637e49b0ef3f17d7eaa52c5af5bfbda5f058e8ee97bd9418978b90e1169/greenlet-2.0.2-cp38-cp38-manylinux_2_17_aarch64.manylinux2014_aarch64.whl", hash = "sha256:fc3a569657468b6f3fb60587e48356fe512c1754ca05a564f11366ac9e306526"},
    {url = "https://files.pythonhosted.org/packages/ca/1a/90f2ae7e3df48cbd42af5df47cf9ee37a6c6a78b1941acbc7eac029f5a44/greenlet-2.0.2-cp27-cp27mu-manylinux2010_x86_64.whl", hash = "sha256:d27ec7509b9c18b6d73f2f5ede2622441de812e7b1a80bbd446cb0633bd3d5ae"},
    {url = "https://files.pythonhosted.org/packages/cd/e8/1ebc8f07d795c3677247e37dae23463a655636a4be387b0d739fa8fd9b2f/greenlet-2.0.2-cp310-cp310-manylinux_2_17_ppc64le.manylinux2014_ppc64le.whl", hash = "sha256:9190f09060ea4debddd24665d6804b995a9c122ef5917ab26e1566dcc712ceeb"},
    {url = "https://files.pythonhosted.org/packages/d2/28/5cf37650334935c6a51313c70c4ec00fb1fad801a551c36afcfc9c03e80b/greenlet-2.0.2-cp36-cp36m-manylinux2010_x86_64.whl", hash = "sha256:32e5b64b148966d9cccc2c8d35a671409e45f195864560829f395a54226408d3"},
    {url = "https://files.pythonhosted.org/packages/d6/c4/f91d771a6628155676765c419c70d6d0ede9b5f3c023102c47ee2f45eadf/greenlet-2.0.2-cp37-cp37m-musllinux_1_1_aarch64.whl", hash = "sha256:36abbf031e1c0f79dd5d596bfaf8e921c41df2bdf54ee1eed921ce1f52999a86"},
    {url = "https://files.pythonhosted.org/packages/da/45/2600faf65f318767d2c24b6fce6bb0ad3721e8cb3eb9d7743aefcca8a6a6/greenlet-2.0.2-cp38-cp38-win32.whl", hash = "sha256:b80f600eddddce72320dbbc8e3784d16bd3fb7b517e82476d8da921f27d4b249"},
    {url = "https://files.pythonhosted.org/packages/e5/ad/91a8f63881c862bb396cefc33d7faa241bf200df7ba96a1961a99329ed15/greenlet-2.0.2-cp38-cp38-musllinux_1_1_aarch64.whl", hash = "sha256:0bf60faf0bc2468089bdc5edd10555bab6e85152191df713e2ab1fcc86382b5a"},
    {url = "https://files.pythonhosted.org/packages/e6/0e/591ea935b63aa3aed3836976779e5d1324aa4b2961f7355ff5d1f296066b/greenlet-2.0.2-cp37-cp37m-manylinux2010_x86_64.whl", hash = "sha256:f82d4d717d8ef19188687aa32b8363e96062911e63ba22a0cff7802a8e58e5f1"},
    {url = "https://files.pythonhosted.org/packages/e8/3a/ebc4fa1e813ae1fa718eb88417c31587e2efb743ed5f6ff0ae066502c349/greenlet-2.0.2-cp311-cp311-manylinux_2_17_aarch64.manylinux2014_aarch64.whl", hash = "sha256:c48f54ef8e05f04d6eff74b8233f6063cb1ed960243eacc474ee73a2ea8573ca"},
    {url = "https://files.pythonhosted.org/packages/e9/29/2ae545c4c0218b042c2bb0760c0f65e114cca1ab5e552dc23b0f118e428a/greenlet-2.0.2-cp39-cp39-manylinux_2_17_x86_64.manylinux2014_x86_64.whl", hash = "sha256:94c817e84245513926588caf1152e3b559ff794d505555211ca041f032abbb6b"},
    {url = "https://files.pythonhosted.org/packages/f0/2e/20eab0fa6353a08b0de055dd54e2575a6869ee693d86387076430475832d/greenlet-2.0.2-cp311-cp311-musllinux_1_1_aarch64.whl", hash = "sha256:eff4eb9b7eb3e4d0cae3d28c283dc16d9bed6b193c2e1ace3ed86ce48ea8df19"},
    {url = "https://files.pythonhosted.org/packages/f4/ad/287efe1d3c8224fa5f9457195a842fc0c4fa4956cb9655a1f4e89914a313/greenlet-2.0.2-cp27-cp27m-win32.whl", hash = "sha256:6c3acb79b0bfd4fe733dff8bc62695283b57949ebcca05ae5c129eb606ff2d74"},
    {url = "https://files.pythonhosted.org/packages/f6/04/74e97d545f9276dee994b959eab3f7d70d77588e5aaedc383d15b0057acd/greenlet-2.0.2-cp39-cp39-macosx_11_0_x86_64.whl", hash = "sha256:88d9ab96491d38a5ab7c56dd7a3cc37d83336ecc564e4e8816dbed12e5aaefc8"},
    {url = "https://files.pythonhosted.org/packages/fa/9a/e0e99a4aa93b16dd58881acb55ac1e2fb011475f2e46cf87843970001882/greenlet-2.0.2-cp37-cp37m-win_amd64.whl", hash = "sha256:7492e2b7bd7c9b9916388d9df23fa49d9b88ac0640db0a5b4ecc2b653bf451e3"},
    {url = "https://files.pythonhosted.org/packages/fc/80/0ed0da38bbb978f39128d7e53ee51c36bed2e4a7460eff92981a3d07f1d4/greenlet-2.0.2-cp37-cp37m-win32.whl", hash = "sha256:3f6ea9bd35eb450837a3d80e77b517ea5bc56b4647f5502cd28de13675ee12f7"},
]
"itsdangerous 2.1.2" = [
    {url = "https://files.pythonhosted.org/packages/68/5f/447e04e828f47465eeab35b5d408b7ebaaaee207f48b7136c5a7267a30ae/itsdangerous-2.1.2-py3-none-any.whl", hash = "sha256:2c2349112351b88699d8d4b6b075022c0808887cb7ad10069318a8b0bc88db44"},
    {url = "https://files.pythonhosted.org/packages/7f/a1/d3fb83e7a61fa0c0d3d08ad0a94ddbeff3731c05212617dff3a94e097f08/itsdangerous-2.1.2.tar.gz", hash = "sha256:5dbbc68b317e5e42f327f9021763545dc3fc3bfe22e6deb96aaf1fc38874156a"},
]
"jinja2 3.1.2" = [
    {url = "https://files.pythonhosted.org/packages/7a/ff/75c28576a1d900e87eb6335b063fab47a8ef3c8b4d88524c4bf78f670cce/Jinja2-3.1.2.tar.gz", hash = "sha256:31351a702a408a9e7595a8fc6150fc3f43bb6bf7e319770cbc0db9df9437e852"},
    {url = "https://files.pythonhosted.org/packages/bc/c3/f068337a370801f372f2f8f6bad74a5c140f6fda3d9de154052708dd3c65/Jinja2-3.1.2-py3-none-any.whl", hash = "sha256:6088930bfe239f0e6710546ab9c19c9ef35e29792895fed6e6e31a023a182a61"},
]
"markupsafe 2.1.2" = [
    {url = "https://files.pythonhosted.org/packages/02/2c/18d55e5df6a9ea33709d6c33e08cb2e07d39e20ad05d8c6fbf9c9bcafd54/MarkupSafe-2.1.2-cp310-cp310-win_amd64.whl", hash = "sha256:835fb5e38fd89328e9c81067fd642b3593c33e1e17e2fdbf77f5676abb14a156"},
    {url = "https://files.pythonhosted.org/packages/04/cf/9464c3c41b7cdb8df660cda75676697e7fb49ce1be7691a1162fc88da078/MarkupSafe-2.1.2-cp311-cp311-musllinux_1_1_i686.whl", hash = "sha256:085fd3201e7b12809f9e6e9bc1e5c96a368c8523fad5afb02afe3c051ae4afcc"},
    {url = "https://files.pythonhosted.org/packages/06/3b/d026c21cd1dbee89f41127e93113dcf5fa85c6660d108847760b59b3a66d/MarkupSafe-2.1.2-cp39-cp39-manylinux_2_17_x86_64.manylinux2014_x86_64.whl", hash = "sha256:40dfd3fefbef579ee058f139733ac336312663c6706d1163b82b3003fb1925c4"},
    {url = "https://files.pythonhosted.org/packages/0a/88/78cb3d95afebd183d8b04442685ab4c70cfc1138b850ba20e2a07aff2f53/MarkupSafe-2.1.2-cp311-cp311-manylinux_2_17_aarch64.manylinux2014_aarch64.whl", hash = "sha256:65608c35bfb8a76763f37036547f7adfd09270fbdbf96608be2bead319728fcd"},
    {url = "https://files.pythonhosted.org/packages/0d/15/82b108c697bec4c26c00aed6975b778cf0eac6cbb77598862b10550b7fcc/MarkupSafe-2.1.2-cp38-cp38-musllinux_1_1_x86_64.whl", hash = "sha256:2298c859cfc5463f1b64bd55cb3e602528db6fa0f3cfd568d3605c50678f8f03"},
    {url = "https://files.pythonhosted.org/packages/19/00/3b8eb0093c885576a1ce7f2263e7b8c01e55b9977433f8246f57cd81b0be/MarkupSafe-2.1.2-cp311-cp311-win32.whl", hash = "sha256:7df70907e00c970c60b9ef2938d894a9381f38e6b9db73c5be35e59d92e06625"},
    {url = "https://files.pythonhosted.org/packages/1f/20/76f6337f1e7238a626ab34405ddd634636011b2ff947dcbd8995f16a7776/MarkupSafe-2.1.2-cp311-cp311-musllinux_1_1_x86_64.whl", hash = "sha256:1bea30e9bf331f3fef67e0a3877b2288593c98a21ccb2cf29b74c581a4eb3af0"},
    {url = "https://files.pythonhosted.org/packages/22/88/9c0cae2f5ada778182f2842b377dd273d6be689953345c10b165478831eb/MarkupSafe-2.1.2-cp39-cp39-win32.whl", hash = "sha256:137678c63c977754abe9086a3ec011e8fd985ab90631145dfb9294ad09c102a7"},
    {url = "https://files.pythonhosted.org/packages/29/d2/243e6b860d97c18d848fc2bee2f39d102755a2b04a5ce4d018d839711b46/MarkupSafe-2.1.2-cp38-cp38-musllinux_1_1_i686.whl", hash = "sha256:8db032bf0ce9022a8e41a22598eefc802314e81b879ae093f36ce9ddf39ab1ba"},
    {url = "https://files.pythonhosted.org/packages/30/3e/0a69a24adb38df83e2f6989c38d68627a5f27181c82ecaa1fd03d1236dca/MarkupSafe-2.1.2-cp310-cp310-manylinux_2_5_i686.manylinux1_i686.manylinux_2_17_i686.manylinux2014_i686.whl", hash = "sha256:ca244fa73f50a800cf8c3ebf7fd93149ec37f5cb9596aa8873ae2c1d23498601"},
    {url = "https://files.pythonhosted.org/packages/34/19/64b0abc021b22766e86efee32b0e2af684c4b731ce8ac1d519c791800c13/MarkupSafe-2.1.2-cp310-cp310-macosx_10_9_x86_64.whl", hash = "sha256:340bea174e9761308703ae988e982005aedf427de816d1afe98147668cc03036"},
    {url = "https://files.pythonhosted.org/packages/37/b2/6f4d5cac75ba6fe9f17671304fe339ea45a73c5609b5f5e652aa79c915c8/MarkupSafe-2.1.2-cp310-cp310-macosx_10_9_universal2.whl", hash = "sha256:665a36ae6f8f20a4676b53224e33d456a6f5a72657d9c83c2aa00765072f31f7"},
    {url = "https://files.pythonhosted.org/packages/39/8d/5c5ce72deb8567ab48a18fbd99dc0af3dd651b6691b8570947e54a28e0f3/MarkupSafe-2.1.2-cp37-cp37m-win_amd64.whl", hash = "sha256:6d6607f98fcf17e534162f0709aaad3ab7a96032723d8ac8750ffe17ae5a0666"},
    {url = "https://files.pythonhosted.org/packages/3d/66/2f636ba803fd6eb4cee7b3106ae02538d1e84a7fb7f4f8775c6528a87d31/MarkupSafe-2.1.2-cp310-cp310-manylinux_2_17_x86_64.manylinux2014_x86_64.whl", hash = "sha256:28057e985dace2f478e042eaa15606c7efccb700797660629da387eb289b9323"},
    {url = "https://files.pythonhosted.org/packages/41/54/6e88795c64ab5dcda31b06406c062c2740d1a64db18219d4e21fc90928c1/MarkupSafe-2.1.2-cp39-cp39-musllinux_1_1_i686.whl", hash = "sha256:c0a33bc9f02c2b17c3ea382f91b4db0e6cde90b63b296422a939886a7a80de1c"},
    {url = "https://files.pythonhosted.org/packages/46/0c/10ee33673c5e36fa3809cf136971f81d951ca38516188ee11a965d9b2fe9/MarkupSafe-2.1.2-cp39-cp39-win_amd64.whl", hash = "sha256:0576fe974b40a400449768941d5d0858cc624e3249dfd1e0c33674e5c7ca7aed"},
    {url = "https://files.pythonhosted.org/packages/48/cc/d027612e17b56088cfccd2c8e083518995fcb25a7b4f17fc146362a0499d/MarkupSafe-2.1.2-cp38-cp38-musllinux_1_1_aarch64.whl", hash = "sha256:f8ffb705ffcf5ddd0e80b65ddf7bed7ee4f5a441ea7d3419e861a12eaf41af58"},
    {url = "https://files.pythonhosted.org/packages/4b/34/dc837e5ad9e14634aac4342eb8b12a9be20a4f74f50cc0d765f7aa2fc1e3/MarkupSafe-2.1.2-cp38-cp38-macosx_10_9_x86_64.whl", hash = "sha256:a4abaec6ca3ad8660690236d11bfe28dfd707778e2442b45addd2f086d6ef094"},
    {url = "https://files.pythonhosted.org/packages/50/41/1442b693a40eb76d835ca2016e86a01479f17d7fd8288f9830f6790e366a/MarkupSafe-2.1.2-cp39-cp39-musllinux_1_1_x86_64.whl", hash = "sha256:b8526c6d437855442cdd3d87eede9c425c4445ea011ca38d937db299382e6fa3"},
    {url = "https://files.pythonhosted.org/packages/52/36/b35c577c884ea352fc0c1eaed9ca4946ffc22cc9c3527a70408bfa9e9496/MarkupSafe-2.1.2-cp39-cp39-manylinux_2_17_aarch64.manylinux2014_aarch64.whl", hash = "sha256:40627dcf047dadb22cd25ea7ecfe9cbf3bbbad0482ee5920b582f3809c97654f"},
    {url = "https://files.pythonhosted.org/packages/56/0d/c9818629672a3368b773fa94597d79da77bdacc3186f097bb85023f785f6/MarkupSafe-2.1.2-cp37-cp37m-musllinux_1_1_x86_64.whl", hash = "sha256:0b462104ba25f1ac006fdab8b6a01ebbfbce9ed37fd37fd4acd70c67c973e460"},
    {url = "https://files.pythonhosted.org/packages/5a/94/d056bf5dbadf7f4b193ee2a132b3d49ffa1602371e3847518b2982045425/MarkupSafe-2.1.2-cp311-cp311-manylinux_2_17_x86_64.manylinux2014_x86_64.whl", hash = "sha256:f2bfb563d0211ce16b63c7cb9395d2c682a23187f54c3d79bfec33e6705473c6"},
    {url = "https://files.pythonhosted.org/packages/5e/f6/8eb8a5692c1986b6e863877b0b8a83628aff14e5fbfaf11d9522b532bd9d/MarkupSafe-2.1.2-cp310-cp310-manylinux_2_17_aarch64.manylinux2014_aarch64.whl", hash = "sha256:22152d00bf4a9c7c83960521fc558f55a1adbc0631fbb00a9471e097b19d72e1"},
    {url = "https://files.pythonhosted.org/packages/66/21/dadb671aade8eb67ef96e0d8f90b1bd5e8cfb6ad9d8c7fa2c870ec0c257b/MarkupSafe-2.1.2-cp37-cp37m-musllinux_1_1_aarch64.whl", hash = "sha256:55f44b440d491028addb3b88f72207d71eeebfb7b5dbf0643f7c023ae1fba619"},
    {url = "https://files.pythonhosted.org/packages/76/b5/05ce70a3e31ecebcd3628cd180dc4761293aa496db85170fdc085ed2d79a/MarkupSafe-2.1.2-cp38-cp38-win32.whl", hash = "sha256:50c42830a633fa0cf9e7d27664637532791bfc31c731a87b202d2d8ac40c3ea2"},
    {url = "https://files.pythonhosted.org/packages/77/26/af46880038c6eac3832e751298f1965f3a550f38d1e9ddaabd674860076b/MarkupSafe-2.1.2-cp39-cp39-macosx_10_9_x86_64.whl", hash = "sha256:8bca7e26c1dd751236cfb0c6c72d4ad61d986e9a41bbf76cb445f69488b2a2bd"},
    {url = "https://files.pythonhosted.org/packages/78/e6/91c9a20a943ea231c59024e181c4c5480097daf132428f2272670974637f/MarkupSafe-2.1.2-cp310-cp310-win32.whl", hash = "sha256:c4a549890a45f57f1ebf99c067a4ad0cb423a05544accaf2b065246827ed9603"},
    {url = "https://files.pythonhosted.org/packages/79/e2/b818bf277fa6b01244943498cb2127372c01dde5eff7682837cc72740618/MarkupSafe-2.1.2-cp311-cp311-manylinux_2_5_i686.manylinux1_i686.manylinux_2_17_i686.manylinux2014_i686.whl", hash = "sha256:da25303d91526aac3672ee6d49a2f3db2d9502a4a60b55519feb1a4c7714e07d"},
    {url = "https://files.pythonhosted.org/packages/7b/0f/0e99c2f342933c43af69849a6ba63f2eef54e14c6d0e10a26470fb6b40a9/MarkupSafe-2.1.2-cp37-cp37m-macosx_10_9_x86_64.whl", hash = "sha256:a6e40afa7f45939ca356f348c8e23048e02cb109ced1eb8420961b2f40fb373a"},
    {url = "https://files.pythonhosted.org/packages/7c/e6/454df09f18e0ea34d189b447a9e1a9f66c2aa332b77fd5577ebc7ca14d42/MarkupSafe-2.1.2-cp39-cp39-manylinux_2_5_i686.manylinux1_i686.manylinux_2_17_i686.manylinux2014_i686.whl", hash = "sha256:090376d812fb6ac5f171e5938e82e7f2d7adc2b629101cec0db8b267815c85e2"},
    {url = "https://files.pythonhosted.org/packages/80/64/ccb65aadd71e7685caa69a885885a673e8748525a243fb26acea37201b44/MarkupSafe-2.1.2-cp38-cp38-manylinux_2_17_aarch64.manylinux2014_aarch64.whl", hash = "sha256:f03a532d7dee1bed20bc4884194a16160a2de9ffc6354b3878ec9682bb623c54"},
    {url = "https://files.pythonhosted.org/packages/82/70/b3978786c7b576c25d84b009d2a20a11b5300d252fc3ce984e37b932e97c/MarkupSafe-2.1.2-cp39-cp39-musllinux_1_1_aarch64.whl", hash = "sha256:2e7821bffe00aa6bd07a23913b7f4e01328c3d5cc0b40b36c0bd81d362faeb65"},
    {url = "https://files.pythonhosted.org/packages/82/e3/4efcd74f10a7999783955aec36386f71082e6d7dafcc06b77b9df72b325a/MarkupSafe-2.1.2-cp39-cp39-macosx_10_9_universal2.whl", hash = "sha256:99625a92da8229df6d44335e6fcc558a5037dd0a760e11d84be2260e6f37002f"},
    {url = "https://files.pythonhosted.org/packages/87/a1/d0f05a09c6c1aef89d1eea0ab0ff1ea897d4117d27f1571034a7e3ff515b/MarkupSafe-2.1.2-cp37-cp37m-manylinux_2_17_aarch64.manylinux2014_aarch64.whl", hash = "sha256:cf877ab4ed6e302ec1d04952ca358b381a882fbd9d1b07cccbfd61783561f98a"},
    {url = "https://files.pythonhosted.org/packages/93/ca/1c3ae0c6a5712d4ba98610cada03781ea0448436b17d1dcd4759115b15a1/MarkupSafe-2.1.2-cp310-cp310-musllinux_1_1_aarch64.whl", hash = "sha256:d9d971ec1e79906046aa3ca266de79eac42f1dbf3612a05dc9368125952bd1a1"},
    {url = "https://files.pythonhosted.org/packages/93/fa/d72f68f84f8537ee8aa3e0764d1eb11e5e025a5ca90c16e94a40f894c2fc/MarkupSafe-2.1.2-cp38-cp38-win_amd64.whl", hash = "sha256:bb06feb762bade6bf3c8b844462274db0c76acc95c52abe8dbed28ae3d44a147"},
    {url = "https://files.pythonhosted.org/packages/95/7e/68018b70268fb4a2a605e2be44ab7b4dd7ce7808adae6c5ef32e34f4b55a/MarkupSafe-2.1.2.tar.gz", hash = "sha256:abcabc8c2b26036d62d4c746381a6f7cf60aafcc653198ad678306986b09450d"},
    {url = "https://files.pythonhosted.org/packages/95/88/8c8cce021ac1b1eedde349c6a41f6c256da60babf95e572071361ff3f66b/MarkupSafe-2.1.2-cp37-cp37m-manylinux_2_17_x86_64.manylinux2014_x86_64.whl", hash = "sha256:63ba06c9941e46fa389d389644e2d8225e0e3e5ebcc4ff1ea8506dce646f8c8a"},
    {url = "https://files.pythonhosted.org/packages/96/92/a873b4a7fa20c2e30bffe883bb560330f3b6ce03aaf278f75f96d161935b/MarkupSafe-2.1.2-cp310-cp310-musllinux_1_1_i686.whl", hash = "sha256:7e007132af78ea9df29495dbf7b5824cb71648d7133cf7848a2a5dd00d36f9ff"},
    {url = "https://files.pythonhosted.org/packages/9d/80/8320f182d06a9b289b1a9f266f593feb91d3781c7e104bbe09e0c4c11439/MarkupSafe-2.1.2-cp38-cp38-manylinux_2_17_x86_64.manylinux2014_x86_64.whl", hash = "sha256:4cf06cdc1dda95223e9d2d3c58d3b178aa5dacb35ee7e3bbac10e4e1faacb419"},
    {url = "https://files.pythonhosted.org/packages/be/18/988e1913a40cc8eb725b1e073eacc130f7803a061577bdc0b9343eb3c696/MarkupSafe-2.1.2-cp37-cp37m-win32.whl", hash = "sha256:7668b52e102d0ed87cb082380a7e2e1e78737ddecdde129acadb0eccc5423859"},
    {url = "https://files.pythonhosted.org/packages/c3/e5/42842a44bfd9ba2955c562b1139334a2f64cedb687e8969777fd07de42a9/MarkupSafe-2.1.2-cp37-cp37m-manylinux_2_5_i686.manylinux1_i686.manylinux_2_17_i686.manylinux2014_i686.whl", hash = "sha256:f1cd098434e83e656abf198f103a8207a8187c0fc110306691a2e94a78d0abb2"},
    {url = "https://files.pythonhosted.org/packages/c7/0e/22d0c8e6ee84414e251bd1bc555b2705af6b3fb99f0ba1ead2a0f51d423b/MarkupSafe-2.1.2-cp38-cp38-manylinux_2_5_i686.manylinux1_i686.manylinux_2_17_i686.manylinux2014_i686.whl", hash = "sha256:22731d79ed2eb25059ae3df1dfc9cb1546691cc41f4e3130fe6bfbc3ecbbecfa"},
    {url = "https://files.pythonhosted.org/packages/cf/c1/d7596976a868fe3487212a382cc121358a53dc8e8d85ff2ee2c3d3b40f04/MarkupSafe-2.1.2-cp311-cp311-musllinux_1_1_aarch64.whl", hash = "sha256:9cad97ab29dfc3f0249b483412c85c8ef4766d96cdf9dcf5a1e3caa3f3661cf1"},
    {url = "https://files.pythonhosted.org/packages/d1/10/ff89b23d4a24051c4e4f689b79ee06f230d7e9431445e24f5dd9d9a89730/MarkupSafe-2.1.2-cp38-cp38-macosx_10_9_universal2.whl", hash = "sha256:a806db027852538d2ad7555b203300173dd1b77ba116de92da9afbc3a3be3eed"},
    {url = "https://files.pythonhosted.org/packages/e3/a9/e366665c7eae59c9c9d34b747cd5a3994847719a2304e0c8dec8b604dd98/MarkupSafe-2.1.2-cp311-cp311-macosx_10_9_universal2.whl", hash = "sha256:2ec4f2d48ae59bbb9d1f9d7efb9236ab81429a764dedca114f5fdabbc3788013"},
    {url = "https://files.pythonhosted.org/packages/e6/ff/d2378ca3cb3ac4a37af767b820b0f0bf3f5e9193a6acce0eefc379425c1c/MarkupSafe-2.1.2-cp311-cp311-macosx_10_9_x86_64.whl", hash = "sha256:608e7073dfa9e38a85d38474c082d4281f4ce276ac0010224eaba11e929dd53a"},
    {url = "https://files.pythonhosted.org/packages/e9/c6/2da36728c1310f141395176556500aeedfdea8c2b02a3b72ba61b69280e8/MarkupSafe-2.1.2-cp37-cp37m-musllinux_1_1_i686.whl", hash = "sha256:a6f2fcca746e8d5910e18782f976489939d54a91f9411c32051b4aab2bd7c513"},
    {url = "https://files.pythonhosted.org/packages/ea/60/2400ba59cf2465fa136487ee7299f52121a9d04b2cf8539ad43ad10e70e8/MarkupSafe-2.1.2-cp311-cp311-win_amd64.whl", hash = "sha256:e55e40ff0cc8cc5c07996915ad367fa47da6b3fc091fdadca7f5403239c5fec3"},
    {url = "https://files.pythonhosted.org/packages/f9/aa/ebcd114deab08f892b1d70badda4436dbad1747f9e5b72cffb3de4c7129d/MarkupSafe-2.1.2-cp310-cp310-musllinux_1_1_x86_64.whl", hash = "sha256:7313ce6a199651c4ed9d7e4cfb4aa56fe923b1adf9af3b420ee14e6d9a73df65"},
]
"sqlalchemy 2.0.7" = [
    {url = "https://files.pythonhosted.org/packages/0c/07/8874a439b7a10a5a3a6f9cb4cf45d4ee057951992d68e39cb8247e1b943d/SQLAlchemy-2.0.7-cp38-cp38-manylinux_2_17_x86_64.manylinux2014_x86_64.whl", hash = "sha256:bc370d53fee7408330099c4bcc2573a107757b203bc61f114467dfe586a0c7bd"},
    {url = "https://files.pythonhosted.org/packages/17/d9/a3d0be80f0d67fcd003901ee73e6d007046c7fcb86de30015f75e98bf586/SQLAlchemy-2.0.7-py3-none-any.whl", hash = "sha256:fc67667c8e8c04e5c3250ab2cd51df40bc7c28c7c253d0475b377eff86fe4bb0"},
    {url = "https://files.pythonhosted.org/packages/1b/64/5f7b45e5854b3902f31ff81ad42ae16dea1b5191c0c0e439220937748369/SQLAlchemy-2.0.7-cp37-cp37m-manylinux_2_17_aarch64.manylinux2014_aarch64.whl", hash = "sha256:e7e61e2e4dfe175dc3510889e44eda1c32f55870d6950ef40519640cb266704d"},
    {url = "https://files.pythonhosted.org/packages/1e/45/f11abfd88d44aa65d985b508049c41d71851cb19306047c7e3f0229bab34/SQLAlchemy-2.0.7-cp310-cp310-musllinux_1_1_aarch64.whl", hash = "sha256:c38641f5c3714505d65dbbd8fb1350408b9ad8461769ec8e440e1177f9c92d1d"},
    {url = "https://files.pythonhosted.org/packages/20/12/6b2b40850401f92585462f1c6032bf5b90f947be32018abe23e2b780523f/SQLAlchemy-2.0.7-cp310-cp310-macosx_11_0_arm64.whl", hash = "sha256:32f508fef9c5a7d19411d94ef64cf5405e42c4689e51ddbb81ac9a7be045cce8"},
    {url = "https://files.pythonhosted.org/packages/27/1d/752e593674050751b2b6b382ca64bbd2be0e73dab5267464b49f64c19bdf/SQLAlchemy-2.0.7-cp311-cp311-macosx_11_0_arm64.whl", hash = "sha256:ce076e25f1170000b4ecdc57a1ff8a70dbe4a5648ec3da0563ef3064e8db4f15"},
    {url = "https://files.pythonhosted.org/packages/32/9b/f5ad9d3cfb34b8b398bf25a47350d3460863b2339e6fd8df7877ca21aafc/SQLAlchemy-2.0.7-cp38-cp38-musllinux_1_1_aarch64.whl", hash = "sha256:494db0026918e3f707466a1200a5dedbf254a4bce01a3115fd95f04ba8258f09"},
    {url = "https://files.pythonhosted.org/packages/34/8b/1432d7dbe6c1cc8b0a9d361adbfdf239fa582f056865dd9b501d0c0b5fff/SQLAlchemy-2.0.7-cp37-cp37m-musllinux_1_1_aarch64.whl", hash = "sha256:57b80e877eb6ec63295835f8a3b86ca3a44829f80c4748e1b019e03adea550fc"},
    {url = "https://files.pythonhosted.org/packages/38/60/87f3b19a0f9e7ea4cebc519af9bd9f7248d228d1621b74d2c8ef7b50c852/SQLAlchemy-2.0.7-cp310-cp310-macosx_10_9_x86_64.whl", hash = "sha256:7917632606fc5d4be661dcde45cc415df835e594e2c50cc999a44f24b6bf6d92"},
    {url = "https://files.pythonhosted.org/packages/3d/99/c4f5b2ce386d54321fa14fc56cf5d29f35dc3b2813bd430eeead2c76f95e/SQLAlchemy-2.0.7-cp39-cp39-win32.whl", hash = "sha256:38e26cf6b9b4c6c37846f7e31b42e4d664b35f055691265f07e06aeb6167c494"},
    {url = "https://files.pythonhosted.org/packages/4c/01/0a5d75a805bd5bc345853cfcf38b9538a6c0f5bf26623f5fd81a8491b765/SQLAlchemy-2.0.7-cp311-cp311-win_amd64.whl", hash = "sha256:013f4f330001e84a2b0ef1f2c9bd73169c79d582e54e1a144be1be1dbc911711"},
    {url = "https://files.pythonhosted.org/packages/59/d1/3dda09319d90b59d473cb7889b19b720405adc0d2f4d9d8e05214e14d5ff/SQLAlchemy-2.0.7-cp38-cp38-macosx_10_9_x86_64.whl", hash = "sha256:cc337b96ec59ef29907eeadc2ac11188739281568f14c719e61550ca6d201a41"},
    {url = "https://files.pythonhosted.org/packages/62/ad/d3d303240227571646cdd476c299edb299201e56076e2d62c4ae8f5ad326/SQLAlchemy-2.0.7-cp310-cp310-musllinux_1_1_x86_64.whl", hash = "sha256:921485d1f69ed016e1f756de67d02ad4f143eb6b92b9776bfff78786d8978ab5"},
    {url = "https://files.pythonhosted.org/packages/6a/f8/6ff992c1569e89fc1fc365ea5ee47b78891a0507dba6e13a250be973d113/SQLAlchemy-2.0.7-cp310-cp310-win32.whl", hash = "sha256:a65a8fd09bdffd63fa23b39cd902e6a4ca23d86ecfe129513e43767a1f3e91fb"},
    {url = "https://files.pythonhosted.org/packages/6e/da/8e9093c660975b63e3a2838888404b1b546390ae5826b8d716d68df81b1e/SQLAlchemy-2.0.7-cp311-cp311-musllinux_1_1_x86_64.whl", hash = "sha256:33f73cc45ffa050f5c3b60ff4490e0ae9e02701461c1600d5ede1b008076b1b9"},
    {url = "https://files.pythonhosted.org/packages/73/58/7515442e497c04918832ce780be4b10e97929eec9596273533fa0a8245d1/SQLAlchemy-2.0.7-cp37-cp37m-win_amd64.whl", hash = "sha256:ea1c63e61b5c13161c8468305f0a5837c80aae2070e33654c68dd12572b638eb"},
    {url = "https://files.pythonhosted.org/packages/7b/6b/3868530ea28183a810b42c6a05250655f34a8e13945a2f56a6aae2979c2f/SQLAlchemy-2.0.7-cp38-cp38-musllinux_1_1_x86_64.whl", hash = "sha256:486015a58c9a67f65a15b4f19468b35b97cee074ae55386a9c240f1da308fbfe"},
    {url = "https://files.pythonhosted.org/packages/7b/76/4084d8b5a84cb81c95f8290f2d4210159a6ba2c86a65416fd12d1e09893a/SQLAlchemy-2.0.7-cp39-cp39-macosx_10_9_x86_64.whl", hash = "sha256:774965c41b71c8ebe3c5728bf5b9a948231fc3a0422d9fdace0686f5bb689ad6"},
    {url = "https://files.pythonhosted.org/packages/81/6d/bd57b7a3e20d38bc0c521b2011c017be7c2b0f523a0824c45397b7362c08/SQLAlchemy-2.0.7-cp310-cp310-manylinux_2_17_x86_64.manylinux2014_x86_64.whl", hash = "sha256:cebd161f964af58290596523c65e41a5a161a99f7212b1ae675e288a4b5e0a7c"},
    {url = "https://files.pythonhosted.org/packages/83/a8/6f1bda59478a2a4198ab7a56b595d396044d905652930517d813eb9c7b37/SQLAlchemy-2.0.7-cp39-cp39-musllinux_1_1_x86_64.whl", hash = "sha256:0b698440c477c00bdedff87348b19a79630a235864a8f4378098d61079c16ce9"},
    {url = "https://files.pythonhosted.org/packages/93/06/7574aac5d3f81f367cfd3ff0a9f8bcd1086a3a4f6d5948616cebf93db242/SQLAlchemy-2.0.7.tar.gz", hash = "sha256:a4c1e1582492c66dfacc9eab52738f3e64d9a2a380e412668f75aa06e540f649"},
    {url = "https://files.pythonhosted.org/packages/97/e4/e2d8ad3c7bfeda0700444d68f0e7d74dd586dde0bdc13d0cebf24aabc897/SQLAlchemy-2.0.7-cp310-cp310-manylinux_2_17_aarch64.manylinux2014_aarch64.whl", hash = "sha256:b0995b92612979d208189245bf87349ad9243b97b49652347a28ddee0803225a"},
    {url = "https://files.pythonhosted.org/packages/9f/86/0f918710e4c621ffa4dc3b45cfd1c8d10870a7106091f08786484eae40e6/SQLAlchemy-2.0.7-cp310-cp310-win_amd64.whl", hash = "sha256:d2e7411d5ea164c6f4d003f5d4f5e72e202956aaa7496b95bb4a4c39669e001c"},
    {url = "https://files.pythonhosted.org/packages/ac/40/bc1e7cad973cb1a2947c77c3ca07ead89231583eef5b70dba92a6b74df9d/SQLAlchemy-2.0.7-cp39-cp39-manylinux_2_17_x86_64.manylinux2014_x86_64.whl", hash = "sha256:ea9461f6955f3cf9eff6eeec271686caed7792c76f5b966886a36a42ea46e6b2"},
    {url = "https://files.pythonhosted.org/packages/af/e6/a474509b772cb8ba1bd94f8e7933192251c743bb02ce3a9ca36a99e6a860/SQLAlchemy-2.0.7-cp37-cp37m-manylinux_2_17_x86_64.manylinux2014_x86_64.whl", hash = "sha256:6d44ff7573016fc26311b5a5c54d5656fb9e0c39e138bc8b81cb7c8667485203"},
    {url = "https://files.pythonhosted.org/packages/b3/00/8cdd74562591f840568fe5fd23cbe9ac95dbeee21132696cb45df577e6de/SQLAlchemy-2.0.7-cp311-cp311-manylinux_2_17_aarch64.manylinux2014_aarch64.whl", hash = "sha256:14854bdb2a35af536d14f77dfa8dbc20e1bb1972996d64c4147e0d3165c9aaf5"},
    {url = "https://files.pythonhosted.org/packages/b8/99/9e0f8aef027dd3ae1408815ed2fde6a03285c3a678acfb75efe1759e28a9/SQLAlchemy-2.0.7-cp37-cp37m-musllinux_1_1_x86_64.whl", hash = "sha256:e90f0be674e0845c5c1ccfa5e31c9ee28fd406546a61afc734355cc7ea1f8f8b"},
    {url = "https://files.pythonhosted.org/packages/c0/90/f004370921931cc906e2ff03265a8d6567654e17abb9cf99b98fe2c7ecc6/SQLAlchemy-2.0.7-cp311-cp311-win32.whl", hash = "sha256:0789e199fbce8cb1775337afc631ed12bcc5463dd77d7a06b8dafd758cde51f8"},
    {url = "https://files.pythonhosted.org/packages/c2/97/420c30a137b66411787a31fabb5ed440125e9883751d3c4d561a4ada2f71/SQLAlchemy-2.0.7-cp38-cp38-win32.whl", hash = "sha256:5f7c40ec2e3b31293184020daba95850832bea523a08496ac89b27a5276ec804"},
    {url = "https://files.pythonhosted.org/packages/cb/e6/0a58e8d0ce94666df2464d64e416e7e76106983f75bcaa67cc4115497fd7/SQLAlchemy-2.0.7-cp39-cp39-manylinux_2_17_aarch64.manylinux2014_aarch64.whl", hash = "sha256:f15c54713a8dd57a01c974c9f96476688f6f6374d348819ed7e459535844b614"},
    {url = "https://files.pythonhosted.org/packages/cd/03/22b1399765efe33a82fea239500017dae9875cba81edadb830fb47046a81/SQLAlchemy-2.0.7-cp311-cp311-macosx_10_9_x86_64.whl", hash = "sha256:432cfd77642771ee7ea0dd0f3fb664f18506a3625eab6e6d5d1d771569171270"},
    {url = "https://files.pythonhosted.org/packages/cd/3d/a7bb63fdba0f4bb06a73a049566df38c5f5f4898bdc0616e71eaab63ad5f/SQLAlchemy-2.0.7-cp39-cp39-macosx_11_0_arm64.whl", hash = "sha256:94556a2a7fc3de094ea056b62845e2e6e271e26d1e1b2540a1cd2d2506257a10"},
    {url = "https://files.pythonhosted.org/packages/d2/41/bee078a69d77f9103879aacd99b0dcc61bbe88cb32430174900dea84b960/SQLAlchemy-2.0.7-cp37-cp37m-win32.whl", hash = "sha256:e735a635126b2338dfd3a0863b675437cb53d85885a7602b8cffb24345df33ed"},
    {url = "https://files.pythonhosted.org/packages/d2/b7/611125540741efd0dcdb19739ad8ebfc5dd8aa74fb4252f19fbfc5e06685/SQLAlchemy-2.0.7-cp39-cp39-musllinux_1_1_aarch64.whl", hash = "sha256:18795e87601b4244fd08b542cd6bff9ef674b17bcd34e4a3c9935398e2cc762c"},
    {url = "https://files.pythonhosted.org/packages/d4/24/335631d1b9cff46899c190c17dc594a256988c586d77668f6f59bf5f6bf1/SQLAlchemy-2.0.7-cp38-cp38-macosx_11_0_arm64.whl", hash = "sha256:0eac488be90dd3f7a655d2e34fa59e1305fccabc4abfbd002e3a72ae10bd2f89"},
    {url = "https://files.pythonhosted.org/packages/de/ad/87d9f6ee1a8a0a8c42bceb91c67f5f70ceafc7191941cadd8dfd53627120/SQLAlchemy-2.0.7-cp311-cp311-manylinux_2_17_x86_64.manylinux2014_x86_64.whl", hash = "sha256:9020125e3be677c64d4dda7048e247343f1663089cf268a4cc98c957adb7dbe0"},
    {url = "https://files.pythonhosted.org/packages/e3/c0/643db13a52a1f4e4b7eb9d6bb7f349da19a87ce2fd9eacdb46942a3c738e/SQLAlchemy-2.0.7-cp38-cp38-manylinux_2_17_aarch64.manylinux2014_aarch64.whl", hash = "sha256:b8ab8f90f4a13c979e6c41c9f011b655c1b9ae2df6cffa8fa2c7c4d740f3512e"},
    {url = "https://files.pythonhosted.org/packages/ec/4f/84f5ca25e5e97ee859c54c03337c98aca807caa6fd889fa86850983a48ba/SQLAlchemy-2.0.7-cp311-cp311-musllinux_1_1_aarch64.whl", hash = "sha256:fb649c5473f79c9a7b6133f53a31f4d87de14755c79224007eb7ec76e628551e"},
    {url = "https://files.pythonhosted.org/packages/ef/30/d5f614abb639ea2c6c8acd78cba229701b18cc51d60637cb91d60355c4fd/SQLAlchemy-2.0.7-cp39-cp39-win_amd64.whl", hash = "sha256:a6f7d1debb233f1567d700ebcdde0781a0b63db0ef266246dfbf75ae41bfdf85"},
    {url = "https://files.pythonhosted.org/packages/f0/e5/4501cffc768d06f22ee39721b0f5576fdc3cdced5c29daf2e1b22c6aa907/SQLAlchemy-2.0.7-cp37-cp37m-macosx_10_9_x86_64.whl", hash = "sha256:4339110be209fea37a2bb4f35f1127c7562a0393e9e6df5d9a65cc4f5c167cb6"},
    {url = "https://files.pythonhosted.org/packages/f7/47/27cd738de312623abc3795e1ddaf7e98e23279ee9dd21ddce4aeb005326d/SQLAlchemy-2.0.7-cp38-cp38-win_amd64.whl", hash = "sha256:3da3dff8d9833a7d7f66a3c45a79a3955f775c79f47bb7eea266d0b4c267b17a"},
]
"typing-extensions 4.5.0" = [
    {url = "https://files.pythonhosted.org/packages/31/25/5abcd82372d3d4a3932e1fa8c3dbf9efac10cc7c0d16e78467460571b404/typing_extensions-4.5.0-py3-none-any.whl", hash = "sha256:fb33085c39dd998ac16d1431ebc293a8b3eedd00fd4a32de0ff79002c19511b4"},
    {url = "https://files.pythonhosted.org/packages/d3/20/06270dac7316220643c32ae61694e451c98f8caf4c8eab3aa80a2bedf0df/typing_extensions-4.5.0.tar.gz", hash = "sha256:5cb5f4a79139d699607b3ef622a1dedafa84e115ab0024e0d9c044a9479ca7cb"},
]
"werkzeug 2.3.1" = [
    {url = "https://files.pythonhosted.org/packages/9b/5a/6259e936ce9b9043293dd8473943f5e6bba244c2cb6e3e5354406dfb0700/Werkzeug-2.3.1-py3-none-any.whl", hash = "sha256:69a4b8fcbb30a4c3fa81a5cebd961541273e4d222a4c08593b0b18312e14f64a"},
    {url = "https://files.pythonhosted.org/packages/aa/70/3874542be48f8da37cecf59d931c56543a9b5704da26fad48ddf8bd024ae/Werkzeug-2.3.1.tar.gz", hash = "sha256:2d35a28a75ae03727eae14ea7d13627c0f77aed6b9998441e6dae0b387f697fc"},
]
"wtforms 3.0.1" = [
    {url = "https://files.pythonhosted.org/packages/9a/7d/d4aa68f5bfcb91dd61a7faf0e862512ae7b3d531c41f24c217910aec0559/WTForms-3.0.1.tar.gz", hash = "sha256:6b351bbb12dd58af57ffef05bc78425d08d1914e0fd68ee14143b7ade023c5bc"},
    {url = "https://files.pythonhosted.org/packages/eb/2e/199a0edf6577af771a68fbd950d98f0c1a16bb5fa956e45772005318c702/WTForms-3.0.1-py3-none-any.whl", hash = "sha256:837f2f0e0ca79481b92884962b914eba4e72b7a2daaf1f939c890ed0124b834b"},
]
